{
  "name": "RNExampleApp",
  "version": "3.27.1",
  "lockfileVersion": 1,
  "requires": true,
  "dependencies": {
    "object-assign": {
      "version": "4.1.1",
      "resolved": "https://registry.npmjs.org/object-assign/-/object-assign-4.1.1.tgz",
      "integrity": "sha1-IQmtx5ZYh8/AXLvUQsrIv7s2CGM=",
      "dev": true
    },
    "schedule": {
      "version": "0.4.0",
      "resolved": "https://registry.npmjs.org/schedule/-/schedule-0.4.0.tgz",
      "integrity": "sha512-hYjmoaEMojiMkWCxKr6ue+LYcZ29u29+AamWYmzwT2VOO9ws5UJp/wNhsVUPiUeNh+EdRfZm7nDeB40ffTfMhA==",
      "dev": true,
      "requires": {
        "object-assign": "4.1.1"
      }
    }
  }
}
