PODS:
  - Anyline (3.14.0)
  - AnylineReact (3.14.0):
    - Anyline
    - React
  - React (0.46.4):
    - React/Core (= 0.46.4)
  - React/Core (0.46.4):
    - Yoga (= 0.46.4.React)
  - Yoga (0.46.4.React)

DEPENDENCIES:
  - AnylineReact (from `../node_modules/anyline-ocr-react-native-module/ios`)
  - React (from `../node_modules/react-native`)
  - Yoga (from `../node_modules/react-native/ReactCommon/yoga`)

EXTERNAL SOURCES:
  AnylineReact:
    :path: ../node_modules/anyline-ocr-react-native-module/ios
  React:
    :path: ../node_modules/react-native
  Yoga:
    :path: ../node_modules/react-native/ReactCommon/yoga

SPEC CHECKSUMS:
  Anyline: 0044bcb67128ab53132a1c0dbc9fd5218deaa37a
  AnylineReact: 74648ffa2666aaeed69b549831aca4c2860be388
  React: 596d8774642d10fea20b1f24cc591fcf633f73ad
  Yoga: 98e24da91afe33bb43fedaf27dafede269c04fe8

PODFILE CHECKSUM: 6822f4345c968c4b67919470057215fbc730a4b3

COCOAPODS: 1.2.0
